
Microsoft Visual Studio Solution File, Format Version 12.00
# Visual Studio Version 17
VisualStudioVersion = 17.2.32526.322
MinimumVisualStudioVersion = 10.0.40219.1
Project("{9A19103F-16F7-4668-BE54-9A1E7A4F7556}") = "StudentInformationSystem.WEBUI", "StudentInformationSystem.WEBUI\StudentInformationSystem.WEBUI.csproj", "{BE5750AF-A920-4C82-BCB5-6AA684078524}"
EndProject
Project("{9A19103F-16F7-4668-BE54-9A1E7A4F7556}") = "StudentInformationSystem.Data", "StudentInformationSystem.Data\StudentInformationSystem.Data.csproj", "{8523CFF1-EF9F-46C6-AE24-4AC3FCD4DAC1}"
EndProject
Project("{9A19103F-16F7-4668-BE54-9A1E7A4F7556}") = "StudentInformationSystem.Business", "StudentInformationSystem.Business\StudentInformationSystem.Business.csproj", "{5F64F7A4-F218-4B85-B425-3CF8CDAD55A9}"
EndProject
Project("{9A19103F-16F7-4668-BE54-9A1E7A4F7556}") = "StudentInformationSystem.Entity", "StudentInformationSystem.Entity\StudentInformationSystem.Entity.csproj", "{C8073BD9-BC01-46E9-92D0-33CB07989F4A}"
EndProject
Global
	GlobalSection(SolutionConfigurationPlatforms) = preSolution
		Debug|Any CPU = Debug|Any CPU
		Release|Any CPU = Release|Any CPU
	EndGlobalSection
	GlobalSection(ProjectConfigurationPlatforms) = postSolution
		{BE5750AF-A920-4C82-BCB5-6AA684078524}.Debug|Any CPU.ActiveCfg = Debug|Any CPU
		{BE5750AF-A920-4C82-BCB5-6AA684078524}.Debug|Any CPU.Build.0 = Debug|Any CPU
		{BE5750AF-A920-4C82-BCB5-6AA684078524}.Release|Any CPU.ActiveCfg = Release|Any CPU
		{BE5750AF-A920-4C82-BCB5-6AA684078524}.Release|Any CPU.Build.0 = Release|Any CPU
		{8523CFF1-EF9F-46C6-AE24-4AC3FCD4DAC1}.Debug|Any CPU.ActiveCfg = Debug|Any CPU
		{8523CFF1-EF9F-46C6-AE24-4AC3FCD4DAC1}.Debug|Any CPU.Build.0 = Debug|Any CPU
		{8523CFF1-EF9F-46C6-AE24-4AC3FCD4DAC1}.Release|Any CPU.ActiveCfg = Release|Any CPU
		{8523CFF1-EF9F-46C6-AE24-4AC3FCD4DAC1}.Release|Any CPU.Build.0 = Release|Any CPU
		{5F64F7A4-F218-4B85-B425-3CF8CDAD55A9}.Debug|Any CPU.ActiveCfg = Debug|Any CPU
		{5F64F7A4-F218-4B85-B425-3CF8CDAD55A9}.Debug|Any CPU.Build.0 = Debug|Any CPU
		{5F64F7A4-F218-4B85-B425-3CF8CDAD55A9}.Release|Any CPU.ActiveCfg = Release|Any CPU
		{5F64F7A4-F218-4B85-B425-3CF8CDAD55A9}.Release|Any CPU.Build.0 = Release|Any CPU
		{C8073BD9-BC01-46E9-92D0-33CB07989F4A}.Debug|Any CPU.ActiveCfg = Debug|Any CPU
		{C8073BD9-BC01-46E9-92D0-33CB07989F4A}.Debug|Any CPU.Build.0 = Debug|Any CPU
		{C8073BD9-BC01-46E9-92D0-33CB07989F4A}.Release|Any CPU.ActiveCfg = Release|Any CPU
		{C8073BD9-BC01-46E9-92D0-33CB07989F4A}.Release|Any CPU.Build.0 = Release|Any CPU
	EndGlobalSection
	GlobalSection(SolutionProperties) = preSolution
		HideSolutionNode = FALSE
	EndGlobalSection
	GlobalSection(ExtensibilityGlobals) = postSolution
		SolutionGuid = {1C87F743-8A68-4994-87D1-045D90D63943}
	EndGlobalSection
EndGlobal
